// !$*UTF8*$!
{
	archiveVersion = 1;
	classes = {
	};
	objectVersion = 56;
	objects = {

/* Begin PBXBuildFile section */
		6A31FE1F2858C94500AA8625 /* CodingTestSettingCoordinator.swift in Sources */ = {isa = PBXBuildFile; fileRef = 6A31FE1E2858C94500AA8625 /* CodingTestSettingCoordinator.swift */; };
		6A31FE212858C97500AA8625 /* DefaultCodingTestSettingCoordinator.swift in Sources */ = {isa = PBXBuildFile; fileRef = 6A31FE202858C97500AA8625 /* DefaultCodingTestSettingCoordinator.swift */; };
		6A31FE232858CA3F00AA8625 /* TitleSettingViewController.swift in Sources */ = {isa = PBXBuildFile; fileRef = 6A31FE222858CA3F00AA8625 /* TitleSettingViewController.swift */; };
		6A31FE252858CA9600AA8625 /* TitleSettingViewModel.swift in Sources */ = {isa = PBXBuildFile; fileRef = 6A31FE242858CA9600AA8625 /* TitleSettingViewModel.swift */; };
		6A31FE272858CB1800AA8625 /* CodingTestSettingUseCase.swift in Sources */ = {isa = PBXBuildFile; fileRef = 6A31FE262858CB1800AA8625 /* CodingTestSettingUseCase.swift */; };
		6A31FE292858CB2A00AA8625 /* DefaultCodingTestSettingUseCase.swift in Sources */ = {isa = PBXBuildFile; fileRef = 6A31FE282858CB2A00AA8625 /* DefaultCodingTestSettingUseCase.swift */; };
		6A31FE2B2858D40F00AA8625 /* SettingCoordinatorDidFinishDelegate.swift in Sources */ = {isa = PBXBuildFile; fileRef = 6A31FE2A2858D40F00AA8625 /* SettingCoordinatorDidFinishDelegate.swift */; };
		6A31FE2D2859605600AA8625 /* UIControl + ControlPublisher.swift in Sources */ = {isa = PBXBuildFile; fileRef = 6A31FE2C2859605600AA8625 /* UIControl + ControlPublisher.swift */; };
		6A31FE3128597F4B00AA8625 /* CursorDisabledTextField.swift in Sources */ = {isa = PBXBuildFile; fileRef = 6A31FE3028597F4B00AA8625 /* CursorDisabledTextField.swift */; };
		6A31FE332859B53100AA8625 /* TitleSettingUseCase.swift in Sources */ = {isa = PBXBuildFile; fileRef = 6A31FE322859B53100AA8625 /* TitleSettingUseCase.swift */; };
		6A31FE352859B6DF00AA8625 /* DefaultTitleSettingUseCase.swift in Sources */ = {isa = PBXBuildFile; fileRef = 6A31FE342859B6DF00AA8625 /* DefaultTitleSettingUseCase.swift */; };
		6A31FE372859C14700AA8625 /* ProblemsSettingViewController.swift in Sources */ = {isa = PBXBuildFile; fileRef = 6A31FE362859C14700AA8625 /* ProblemsSettingViewController.swift */; };
		6A31FE392859C15500AA8625 /* ProblemsSettingViewModel.swift in Sources */ = {isa = PBXBuildFile; fileRef = 6A31FE382859C15500AA8625 /* ProblemsSettingViewModel.swift */; };
		6A31FE3B2859DD0300AA8625 /* TimeSettingViewController.swift in Sources */ = {isa = PBXBuildFile; fileRef = 6A31FE3A2859DD0300AA8625 /* TimeSettingViewController.swift */; };
		6A31FE3D2859DD2500AA8625 /* TimeSettingViewModel.swift in Sources */ = {isa = PBXBuildFile; fileRef = 6A31FE3C2859DD2500AA8625 /* TimeSettingViewModel.swift */; };
		6A31FE3F2859E82B00AA8625 /* UIColor + CustomColor.swift in Sources */ = {isa = PBXBuildFile; fileRef = 6A31FE3E2859E82B00AA8625 /* UIColor + CustomColor.swift */; };
		6A31FE41285A163100AA8625 /* CodingTestingCoordinator.swift in Sources */ = {isa = PBXBuildFile; fileRef = 6A31FE40285A163000AA8625 /* CodingTestingCoordinator.swift */; };
		6A31FE43285A166800AA8625 /* DefaultCodingTestingCoordinator.swift in Sources */ = {isa = PBXBuildFile; fileRef = 6A31FE42285A166800AA8625 /* DefaultCodingTestingCoordinator.swift */; };
		6A31FE45285A193000AA8625 /* CodingTestingViewController.swift in Sources */ = {isa = PBXBuildFile; fileRef = 6A31FE44285A193000AA8625 /* CodingTestingViewController.swift */; };
		6A31FE47285A193800AA8625 /* CodingTestingViewModel.swift in Sources */ = {isa = PBXBuildFile; fileRef = 6A31FE46285A193800AA8625 /* CodingTestingViewModel.swift */; };
		6A31FE49285A195300AA8625 /* CodingTestingUseCase.swift in Sources */ = {isa = PBXBuildFile; fileRef = 6A31FE48285A195300AA8625 /* CodingTestingUseCase.swift */; };
		6A31FE4B285A195E00AA8625 /* DefaultCodingTestingUseCase.swift in Sources */ = {isa = PBXBuildFile; fileRef = 6A31FE4A285A195E00AA8625 /* DefaultCodingTestingUseCase.swift */; };
		6A31FE4D285A1E3300AA8625 /* CodingTestPreparationViewController.swift in Sources */ = {isa = PBXBuildFile; fileRef = 6A31FE4C285A1E3300AA8625 /* CodingTestPreparationViewController.swift */; };
		6A31FE4F285A1E5A00AA8625 /* CodingTestPreparationViewModel.swift in Sources */ = {isa = PBXBuildFile; fileRef = 6A31FE4E285A1E5A00AA8625 /* CodingTestPreparationViewModel.swift */; };
		6A46822D28587B6B009D843D /* CodingTestCellView.swift in Sources */ = {isa = PBXBuildFile; fileRef = 6A46822C28587B6B009D843D /* CodingTestCellView.swift */; };
		6A468232285893BC009D843D /* CodingTestSetting+CoreDataClass.swift in Sources */ = {isa = PBXBuildFile; fileRef = 6A46822E285893BC009D843D /* CodingTestSetting+CoreDataClass.swift */; };
		6A468233285893BC009D843D /* CodingTestSetting+CoreDataProperties.swift in Sources */ = {isa = PBXBuildFile; fileRef = 6A46822F285893BC009D843D /* CodingTestSetting+CoreDataProperties.swift */; };
		6A468234285893BC009D843D /* Problem+CoreDataClass.swift in Sources */ = {isa = PBXBuildFile; fileRef = 6A468230285893BC009D843D /* Problem+CoreDataClass.swift */; };
		6A468235285893BC009D843D /* Problem+CoreDataProperties.swift in Sources */ = {isa = PBXBuildFile; fileRef = 6A468231285893BC009D843D /* Problem+CoreDataProperties.swift */; };
		6A541FAA285775E0000008D4 /* DefaultCoreDataService.swift in Sources */ = {isa = PBXBuildFile; fileRef = 6A541FA9285775E0000008D4 /* DefaultCoreDataService.swift */; };
		6A541FAE28579084000008D4 /* CodingTestSettingRepository.swift in Sources */ = {isa = PBXBuildFile; fileRef = 6A541FAD28579084000008D4 /* CodingTestSettingRepository.swift */; };
		6A541FB0285790A7000008D4 /* DefaultCodingTestSettingRepository.swift in Sources */ = {isa = PBXBuildFile; fileRef = 6A541FAF285790A7000008D4 /* DefaultCodingTestSettingRepository.swift */; };
		6A541FB328579112000008D4 /* CoreDataService.swift in Sources */ = {isa = PBXBuildFile; fileRef = 6A541FB228579112000008D4 /* CoreDataService.swift */; };
		6A541FB52858530E000008D4 /* Int32 + Formatter.swift in Sources */ = {isa = PBXBuildFile; fileRef = 6A541FB42858530E000008D4 /* Int32 + Formatter.swift */; };
		6ADA1B8C285717A5009E41AD /* Coordinator.swift in Sources */ = {isa = PBXBuildFile; fileRef = 6ADA1B8B285717A5009E41AD /* Coordinator.swift */; };
		6ADA1B8E285717D5009E41AD /* CoordinatorDidFinishDelegate.swift in Sources */ = {isa = PBXBuildFile; fileRef = 6ADA1B8D285717D5009E41AD /* CoordinatorDidFinishDelegate.swift */; };
		6ADA1B902857185C009E41AD /* CoordinatorType.swift in Sources */ = {isa = PBXBuildFile; fileRef = 6ADA1B8F2857185C009E41AD /* CoordinatorType.swift */; };
		6ADA1B922857198E009E41AD /* AppCoordinator.swift in Sources */ = {isa = PBXBuildFile; fileRef = 6ADA1B912857198E009E41AD /* AppCoordinator.swift */; };
		6ADA1B9428571A35009E41AD /* DefaultAppCoordinator.swift in Sources */ = {isa = PBXBuildFile; fileRef = 6ADA1B9328571A35009E41AD /* DefaultAppCoordinator.swift */; };
		6ADA1B9628571AF6009E41AD /* TabBarCoordinator.swift in Sources */ = {isa = PBXBuildFile; fileRef = 6ADA1B9528571AF6009E41AD /* TabBarCoordinator.swift */; };
		6ADA1B9828571B5C009E41AD /* DefaultTabBarCoordinator.swift in Sources */ = {isa = PBXBuildFile; fileRef = 6ADA1B9728571B5C009E41AD /* DefaultTabBarCoordinator.swift */; };
		6ADA1B9A28572667009E41AD /* TabBarPage.swift in Sources */ = {isa = PBXBuildFile; fileRef = 6ADA1B9928572667009E41AD /* TabBarPage.swift */; };
		6ADA1BA228572A01009E41AD /* HomeCoordinator.swift in Sources */ = {isa = PBXBuildFile; fileRef = 6ADA1BA128572A01009E41AD /* HomeCoordinator.swift */; };
		6ADA1BA428572A1B009E41AD /* DefaultHomeCoordinator.swift in Sources */ = {isa = PBXBuildFile; fileRef = 6ADA1BA328572A1B009E41AD /* DefaultHomeCoordinator.swift */; };
		6ADA1BA628572A9D009E41AD /* HomeViewController.swift in Sources */ = {isa = PBXBuildFile; fileRef = 6ADA1BA528572A9D009E41AD /* HomeViewController.swift */; };
		6ADA1BA828572AD7009E41AD /* HomeViewModel.swift in Sources */ = {isa = PBXBuildFile; fileRef = 6ADA1BA728572AD7009E41AD /* HomeViewModel.swift */; };
		6ADA1BAC28572B45009E41AD /* HomeUseCase.swift in Sources */ = {isa = PBXBuildFile; fileRef = 6ADA1BAB28572B45009E41AD /* HomeUseCase.swift */; };
		6ADA1BAE28572B5E009E41AD /* DefaultHomeUseCase.swift in Sources */ = {isa = PBXBuildFile; fileRef = 6ADA1BAD28572B5E009E41AD /* DefaultHomeUseCase.swift */; };
		6ADA1BB628573214009E41AD /* RecordsViewModel.swift in Sources */ = {isa = PBXBuildFile; fileRef = 6ADA1BB528573214009E41AD /* RecordsViewModel.swift */; };
		6ADA1BB828573244009E41AD /* RecordsCoordinator.swift in Sources */ = {isa = PBXBuildFile; fileRef = 6ADA1BB728573244009E41AD /* RecordsCoordinator.swift */; };
		6ADA1BBA28573261009E41AD /* DefaultRecordsCoordinator.swift in Sources */ = {isa = PBXBuildFile; fileRef = 6ADA1BB928573261009E41AD /* DefaultRecordsCoordinator.swift */; };
		6ADA1BBE285732D2009E41AD /* RecordsUseCase.swift in Sources */ = {isa = PBXBuildFile; fileRef = 6ADA1BBD285732D2009E41AD /* RecordsUseCase.swift */; };
		6ADA1BC0285732E2009E41AD /* DefaultRecordsUseCase.swift in Sources */ = {isa = PBXBuildFile; fileRef = 6ADA1BBF285732E2009E41AD /* DefaultRecordsUseCase.swift */; };
		6ADA1BC228573357009E41AD /* RecordsViewController.swift in Sources */ = {isa = PBXBuildFile; fileRef = 6ADA1BC128573357009E41AD /* RecordsViewController.swift */; };
		6ADA1BC428574839009E41AD /* UIControl + ButtonPublisher.swift in Sources */ = {isa = PBXBuildFile; fileRef = 6ADA1BC328574839009E41AD /* UIControl + ButtonPublisher.swift */; };
		6ADA1BC728576BDB009E41AD /* Model.xcdatamodeld in Sources */ = {isa = PBXBuildFile; fileRef = 6ADA1BC528576BDA009E41AD /* Model.xcdatamodeld */; };
		6ADD0B312857103200884C5D /* AppDelegate.swift in Sources */ = {isa = PBXBuildFile; fileRef = 6ADD0B302857103200884C5D /* AppDelegate.swift */; };
		6ADD0B332857103200884C5D /* SceneDelegate.swift in Sources */ = {isa = PBXBuildFile; fileRef = 6ADD0B322857103200884C5D /* SceneDelegate.swift */; };
		6ADD0B3A2857103400884C5D /* Assets.xcassets in Resources */ = {isa = PBXBuildFile; fileRef = 6ADD0B392857103400884C5D /* Assets.xcassets */; };
		6ADD0B3D2857103400884C5D /* LaunchScreen.storyboard in Resources */ = {isa = PBXBuildFile; fileRef = 6ADD0B3B2857103400884C5D /* LaunchScreen.storyboard */; };
/* End PBXBuildFile section */

/* Begin PBXFileReference section */
		6A31FE1E2858C94500AA8625 /* CodingTestSettingCoordinator.swift */ = {isa = PBXFileReference; lastKnownFileType = sourcecode.swift; path = CodingTestSettingCoordinator.swift; sourceTree = "<group>"; };
		6A31FE202858C97500AA8625 /* DefaultCodingTestSettingCoordinator.swift */ = {isa = PBXFileReference; lastKnownFileType = sourcecode.swift; path = DefaultCodingTestSettingCoordinator.swift; sourceTree = "<group>"; };
		6A31FE222858CA3F00AA8625 /* TitleSettingViewController.swift */ = {isa = PBXFileReference; lastKnownFileType = sourcecode.swift; path = TitleSettingViewController.swift; sourceTree = "<group>"; };
		6A31FE242858CA9600AA8625 /* TitleSettingViewModel.swift */ = {isa = PBXFileReference; lastKnownFileType = sourcecode.swift; path = TitleSettingViewModel.swift; sourceTree = "<group>"; };
		6A31FE262858CB1800AA8625 /* CodingTestSettingUseCase.swift */ = {isa = PBXFileReference; lastKnownFileType = sourcecode.swift; path = CodingTestSettingUseCase.swift; sourceTree = "<group>"; };
		6A31FE282858CB2A00AA8625 /* DefaultCodingTestSettingUseCase.swift */ = {isa = PBXFileReference; lastKnownFileType = sourcecode.swift; path = DefaultCodingTestSettingUseCase.swift; sourceTree = "<group>"; };
		6A31FE2A2858D40F00AA8625 /* SettingCoordinatorDidFinishDelegate.swift */ = {isa = PBXFileReference; lastKnownFileType = sourcecode.swift; path = SettingCoordinatorDidFinishDelegate.swift; sourceTree = "<group>"; };
		6A31FE2C2859605600AA8625 /* UIControl + ControlPublisher.swift */ = {isa = PBXFileReference; lastKnownFileType = sourcecode.swift; path = "UIControl + ControlPublisher.swift"; sourceTree = "<group>"; };
		6A31FE3028597F4B00AA8625 /* CursorDisabledTextField.swift */ = {isa = PBXFileReference; lastKnownFileType = sourcecode.swift; path = CursorDisabledTextField.swift; sourceTree = "<group>"; };
		6A31FE322859B53100AA8625 /* TitleSettingUseCase.swift */ = {isa = PBXFileReference; lastKnownFileType = sourcecode.swift; path = TitleSettingUseCase.swift; sourceTree = "<group>"; };
		6A31FE342859B6DF00AA8625 /* DefaultTitleSettingUseCase.swift */ = {isa = PBXFileReference; lastKnownFileType = sourcecode.swift; path = DefaultTitleSettingUseCase.swift; sourceTree = "<group>"; };
		6A31FE362859C14700AA8625 /* ProblemsSettingViewController.swift */ = {isa = PBXFileReference; lastKnownFileType = sourcecode.swift; path = ProblemsSettingViewController.swift; sourceTree = "<group>"; };
		6A31FE382859C15500AA8625 /* ProblemsSettingViewModel.swift */ = {isa = PBXFileReference; lastKnownFileType = sourcecode.swift; path = ProblemsSettingViewModel.swift; sourceTree = "<group>"; };
		6A31FE3A2859DD0300AA8625 /* TimeSettingViewController.swift */ = {isa = PBXFileReference; lastKnownFileType = sourcecode.swift; path = TimeSettingViewController.swift; sourceTree = "<group>"; };
		6A31FE3C2859DD2500AA8625 /* TimeSettingViewModel.swift */ = {isa = PBXFileReference; lastKnownFileType = sourcecode.swift; path = TimeSettingViewModel.swift; sourceTree = "<group>"; };
		6A31FE3E2859E82B00AA8625 /* UIColor + CustomColor.swift */ = {isa = PBXFileReference; lastKnownFileType = sourcecode.swift; path = "UIColor + CustomColor.swift"; sourceTree = "<group>"; };
		6A31FE40285A163000AA8625 /* CodingTestingCoordinator.swift */ = {isa = PBXFileReference; lastKnownFileType = sourcecode.swift; path = CodingTestingCoordinator.swift; sourceTree = "<group>"; };
		6A31FE42285A166800AA8625 /* DefaultCodingTestingCoordinator.swift */ = {isa = PBXFileReference; lastKnownFileType = sourcecode.swift; path = DefaultCodingTestingCoordinator.swift; sourceTree = "<group>"; };
		6A31FE44285A193000AA8625 /* CodingTestingViewController.swift */ = {isa = PBXFileReference; lastKnownFileType = sourcecode.swift; path = CodingTestingViewController.swift; sourceTree = "<group>"; };
		6A31FE46285A193800AA8625 /* CodingTestingViewModel.swift */ = {isa = PBXFileReference; lastKnownFileType = sourcecode.swift; path = CodingTestingViewModel.swift; sourceTree = "<group>"; };
		6A31FE48285A195300AA8625 /* CodingTestingUseCase.swift */ = {isa = PBXFileReference; lastKnownFileType = sourcecode.swift; path = CodingTestingUseCase.swift; sourceTree = "<group>"; };
		6A31FE4A285A195E00AA8625 /* DefaultCodingTestingUseCase.swift */ = {isa = PBXFileReference; lastKnownFileType = sourcecode.swift; path = DefaultCodingTestingUseCase.swift; sourceTree = "<group>"; };
		6A31FE4C285A1E3300AA8625 /* CodingTestPreparationViewController.swift */ = {isa = PBXFileReference; lastKnownFileType = sourcecode.swift; path = CodingTestPreparationViewController.swift; sourceTree = "<group>"; };
		6A31FE4E285A1E5A00AA8625 /* CodingTestPreparationViewModel.swift */ = {isa = PBXFileReference; lastKnownFileType = sourcecode.swift; path = CodingTestPreparationViewModel.swift; sourceTree = "<group>"; };
		6A46822C28587B6B009D843D /* CodingTestCellView.swift */ = {isa = PBXFileReference; lastKnownFileType = sourcecode.swift; path = CodingTestCellView.swift; sourceTree = "<group>"; };
		6A46822E285893BC009D843D /* CodingTestSetting+CoreDataClass.swift */ = {isa = PBXFileReference; lastKnownFileType = sourcecode.swift; path = "CodingTestSetting+CoreDataClass.swift"; sourceTree = "<group>"; };
		6A46822F285893BC009D843D /* CodingTestSetting+CoreDataProperties.swift */ = {isa = PBXFileReference; lastKnownFileType = sourcecode.swift; path = "CodingTestSetting+CoreDataProperties.swift"; sourceTree = "<group>"; };
		6A468230285893BC009D843D /* Problem+CoreDataClass.swift */ = {isa = PBXFileReference; lastKnownFileType = sourcecode.swift; path = "Problem+CoreDataClass.swift"; sourceTree = "<group>"; };
		6A468231285893BC009D843D /* Problem+CoreDataProperties.swift */ = {isa = PBXFileReference; lastKnownFileType = sourcecode.swift; path = "Problem+CoreDataProperties.swift"; sourceTree = "<group>"; };
		6A541FA9285775E0000008D4 /* DefaultCoreDataService.swift */ = {isa = PBXFileReference; lastKnownFileType = sourcecode.swift; path = DefaultCoreDataService.swift; sourceTree = "<group>"; };
		6A541FAD28579084000008D4 /* CodingTestSettingRepository.swift */ = {isa = PBXFileReference; lastKnownFileType = sourcecode.swift; path = CodingTestSettingRepository.swift; sourceTree = "<group>"; };
		6A541FAF285790A7000008D4 /* DefaultCodingTestSettingRepository.swift */ = {isa = PBXFileReference; lastKnownFileType = sourcecode.swift; path = DefaultCodingTestSettingRepository.swift; sourceTree = "<group>"; };
		6A541FB228579112000008D4 /* CoreDataService.swift */ = {isa = PBXFileReference; lastKnownFileType = sourcecode.swift; path = CoreDataService.swift; sourceTree = "<group>"; };
		6A541FB42858530E000008D4 /* Int32 + Formatter.swift */ = {isa = PBXFileReference; lastKnownFileType = sourcecode.swift; path = "Int32 + Formatter.swift"; sourceTree = "<group>"; };
		6ADA1B8B285717A5009E41AD /* Coordinator.swift */ = {isa = PBXFileReference; lastKnownFileType = sourcecode.swift; path = Coordinator.swift; sourceTree = "<group>"; };
		6ADA1B8D285717D5009E41AD /* CoordinatorDidFinishDelegate.swift */ = {isa = PBXFileReference; lastKnownFileType = sourcecode.swift; path = CoordinatorDidFinishDelegate.swift; sourceTree = "<group>"; };
		6ADA1B8F2857185C009E41AD /* CoordinatorType.swift */ = {isa = PBXFileReference; lastKnownFileType = sourcecode.swift; path = CoordinatorType.swift; sourceTree = "<group>"; };
		6ADA1B912857198E009E41AD /* AppCoordinator.swift */ = {isa = PBXFileReference; lastKnownFileType = sourcecode.swift; path = AppCoordinator.swift; sourceTree = "<group>"; };
		6ADA1B9328571A35009E41AD /* DefaultAppCoordinator.swift */ = {isa = PBXFileReference; lastKnownFileType = sourcecode.swift; path = DefaultAppCoordinator.swift; sourceTree = "<group>"; };
		6ADA1B9528571AF6009E41AD /* TabBarCoordinator.swift */ = {isa = PBXFileReference; lastKnownFileType = sourcecode.swift; path = TabBarCoordinator.swift; sourceTree = "<group>"; };
		6ADA1B9728571B5C009E41AD /* DefaultTabBarCoordinator.swift */ = {isa = PBXFileReference; lastKnownFileType = sourcecode.swift; path = DefaultTabBarCoordinator.swift; sourceTree = "<group>"; };
		6ADA1B9928572667009E41AD /* TabBarPage.swift */ = {isa = PBXFileReference; lastKnownFileType = sourcecode.swift; path = TabBarPage.swift; sourceTree = "<group>"; };
		6ADA1BA128572A01009E41AD /* HomeCoordinator.swift */ = {isa = PBXFileReference; lastKnownFileType = sourcecode.swift; path = HomeCoordinator.swift; sourceTree = "<group>"; };
		6ADA1BA328572A1B009E41AD /* DefaultHomeCoordinator.swift */ = {isa = PBXFileReference; lastKnownFileType = sourcecode.swift; path = DefaultHomeCoordinator.swift; sourceTree = "<group>"; };
		6ADA1BA528572A9D009E41AD /* HomeViewController.swift */ = {isa = PBXFileReference; lastKnownFileType = sourcecode.swift; path = HomeViewController.swift; sourceTree = "<group>"; };
		6ADA1BA728572AD7009E41AD /* HomeViewModel.swift */ = {isa = PBXFileReference; lastKnownFileType = sourcecode.swift; path = HomeViewModel.swift; sourceTree = "<group>"; };
		6ADA1BAB28572B45009E41AD /* HomeUseCase.swift */ = {isa = PBXFileReference; lastKnownFileType = sourcecode.swift; path = HomeUseCase.swift; sourceTree = "<group>"; };
		6ADA1BAD28572B5E009E41AD /* DefaultHomeUseCase.swift */ = {isa = PBXFileReference; lastKnownFileType = sourcecode.swift; path = DefaultHomeUseCase.swift; sourceTree = "<group>"; };
		6ADA1BB528573214009E41AD /* RecordsViewModel.swift */ = {isa = PBXFileReference; lastKnownFileType = sourcecode.swift; path = RecordsViewModel.swift; sourceTree = "<group>"; };
		6ADA1BB728573244009E41AD /* RecordsCoordinator.swift */ = {isa = PBXFileReference; lastKnownFileType = sourcecode.swift; path = RecordsCoordinator.swift; sourceTree = "<group>"; };
		6ADA1BB928573261009E41AD /* DefaultRecordsCoordinator.swift */ = {isa = PBXFileReference; lastKnownFileType = sourcecode.swift; path = DefaultRecordsCoordinator.swift; sourceTree = "<group>"; };
		6ADA1BBD285732D2009E41AD /* RecordsUseCase.swift */ = {isa = PBXFileReference; lastKnownFileType = sourcecode.swift; path = RecordsUseCase.swift; sourceTree = "<group>"; };
		6ADA1BBF285732E2009E41AD /* DefaultRecordsUseCase.swift */ = {isa = PBXFileReference; lastKnownFileType = sourcecode.swift; path = DefaultRecordsUseCase.swift; sourceTree = "<group>"; };
		6ADA1BC128573357009E41AD /* RecordsViewController.swift */ = {isa = PBXFileReference; lastKnownFileType = sourcecode.swift; path = RecordsViewController.swift; sourceTree = "<group>"; };
		6ADA1BC328574839009E41AD /* UIControl + ButtonPublisher.swift */ = {isa = PBXFileReference; lastKnownFileType = sourcecode.swift; path = "UIControl + ButtonPublisher.swift"; sourceTree = "<group>"; };
		6ADA1BC628576BDB009E41AD /* Model.xcdatamodel */ = {isa = PBXFileReference; lastKnownFileType = wrapper.xcdatamodel; path = Model.xcdatamodel; sourceTree = "<group>"; };
		6ADD0B2D2857103200884C5D /* CodingTestRecord.app */ = {isa = PBXFileReference; explicitFileType = wrapper.application; includeInIndex = 0; path = CodingTestRecord.app; sourceTree = BUILT_PRODUCTS_DIR; };
		6ADD0B302857103200884C5D /* AppDelegate.swift */ = {isa = PBXFileReference; lastKnownFileType = sourcecode.swift; path = AppDelegate.swift; sourceTree = "<group>"; };
		6ADD0B322857103200884C5D /* SceneDelegate.swift */ = {isa = PBXFileReference; lastKnownFileType = sourcecode.swift; path = SceneDelegate.swift; sourceTree = "<group>"; };
		6ADD0B392857103400884C5D /* Assets.xcassets */ = {isa = PBXFileReference; lastKnownFileType = folder.assetcatalog; path = Assets.xcassets; sourceTree = "<group>"; };
		6ADD0B3C2857103400884C5D /* Base */ = {isa = PBXFileReference; lastKnownFileType = file.storyboard; name = Base; path = Base.lproj/LaunchScreen.storyboard; sourceTree = "<group>"; };
		6ADD0B3E2857103400884C5D /* Info.plist */ = {isa = PBXFileReference; lastKnownFileType = text.plist.xml; path = Info.plist; sourceTree = "<group>"; };
/* End PBXFileReference section */

/* Begin PBXFrameworksBuildPhase section */
		6ADD0B2A2857103200884C5D /* Frameworks */ = {
			isa = PBXFrameworksBuildPhase;
			buildActionMask = 2147483647;
			files = (
			);
			runOnlyForDeploymentPostprocessing = 0;
		};
/* End PBXFrameworksBuildPhase section */

/* Begin PBXGroup section */
		6A541FAB28577AAB000008D4 /* Home */ = {
			isa = PBXGroup;
			children = (
				6A541FAF285790A7000008D4 /* DefaultCodingTestSettingRepository.swift */,
				6A541FAC28577AB3000008D4 /* Protocol */,
			);
			path = Home;
			sourceTree = "<group>";
		};
		6A541FAC28577AB3000008D4 /* Protocol */ = {
			isa = PBXGroup;
			children = (
				6A541FAD28579084000008D4 /* CodingTestSettingRepository.swift */,
			);
			path = Protocol;
			sourceTree = "<group>";
		};
		6A541FB128579104000008D4 /* Protocol */ = {
			isa = PBXGroup;
			children = (
				6A541FB228579112000008D4 /* CoreDataService.swift */,
			);
			path = Protocol;
			sourceTree = "<group>";
		};
		6ADA1B7D28571405009E41AD /* App */ = {
			isa = PBXGroup;
			children = (
				6ADD0B302857103200884C5D /* AppDelegate.swift */,
				6ADD0B322857103200884C5D /* SceneDelegate.swift */,
				6ADD0B3B2857103400884C5D /* LaunchScreen.storyboard */,
			);
			path = App;
			sourceTree = "<group>";
		};
		6ADA1B7E28571440009E41AD /* Data */ = {
			isa = PBXGroup;
			children = (
				6ADA1B7F28571467009E41AD /* Repository */,
			);
			path = Data;
			sourceTree = "<group>";
		};
		6ADA1B7F28571467009E41AD /* Repository */ = {
			isa = PBXGroup;
			children = (
				6A541FAB28577AAB000008D4 /* Home */,
			);
			path = Repository;
			sourceTree = "<group>";
		};
		6ADA1B802857147E009E41AD /* Presentation */ = {
			isa = PBXGroup;
			children = (
				6ADA1B81285714CF009E41AD /* Common */,
				6ADA1B9B28572988009E41AD /* HomeScene */,
				6ADA1BAF285731CA009E41AD /* RecordsScene */,
			);
			path = Presentation;
			sourceTree = "<group>";
		};
		6ADA1B81285714CF009E41AD /* Common */ = {
			isa = PBXGroup;
			children = (
				6ADA1B84285714E7009E41AD /* Coordinator */,
			);
			path = Common;
			sourceTree = "<group>";
		};
		6ADA1B82285714D5009E41AD /* Delegate */ = {
			isa = PBXGroup;
			children = (
				6ADA1B8D285717D5009E41AD /* CoordinatorDidFinishDelegate.swift */,
			);
			path = Delegate;
			sourceTree = "<group>";
		};
		6ADA1B83285714DD009E41AD /* Protocol */ = {
			isa = PBXGroup;
			children = (
				6ADA1B8B285717A5009E41AD /* Coordinator.swift */,
				6ADA1B912857198E009E41AD /* AppCoordinator.swift */,
				6ADA1B9528571AF6009E41AD /* TabBarCoordinator.swift */,
			);
			path = Protocol;
			sourceTree = "<group>";
		};
		6ADA1B84285714E7009E41AD /* Coordinator */ = {
			isa = PBXGroup;
			children = (
				6ADA1B9328571A35009E41AD /* DefaultAppCoordinator.swift */,
				6ADA1B9728571B5C009E41AD /* DefaultTabBarCoordinator.swift */,
				6ADA1B82285714D5009E41AD /* Delegate */,
				6ADA1B83285714DD009E41AD /* Protocol */,
			);
			path = Coordinator;
			sourceTree = "<group>";
		};
		6ADA1B852857150A009E41AD /* Domain */ = {
			isa = PBXGroup;
			children = (
				6ADA1B872857151C009E41AD /* Model */,
				6ADA1B8628571515009E41AD /* UseCase */,
			);
			path = Domain;
			sourceTree = "<group>";
		};
		6ADA1B8628571515009E41AD /* UseCase */ = {
			isa = PBXGroup;
			children = (
				6ADA1BA928572B32009E41AD /* Home */,
				6ADA1BBB285732C0009E41AD /* History */,
			);
			path = UseCase;
			sourceTree = "<group>";
		};
		6ADA1B872857151C009E41AD /* Model */ = {
			isa = PBXGroup;
			children = (
				6A46822E285893BC009D843D /* CodingTestSetting+CoreDataClass.swift */,
				6A46822F285893BC009D843D /* CodingTestSetting+CoreDataProperties.swift */,
				6A468230285893BC009D843D /* Problem+CoreDataClass.swift */,
				6A468231285893BC009D843D /* Problem+CoreDataProperties.swift */,
				6ADA1BC528576BDA009E41AD /* Model.xcdatamodeld */,
			);
			path = Model;
			sourceTree = "<group>";
		};
		6ADA1B8828571530009E41AD /* Util */ = {
			isa = PBXGroup;
			children = (
				6ADA1BC82857757F009E41AD /* Service */,
				6ADA1B8A2857153E009E41AD /* Constant */,
				6ADA1B8928571538009E41AD /* Extension */,
			);
			path = Util;
			sourceTree = "<group>";
		};
		6ADA1B8928571538009E41AD /* Extension */ = {
			isa = PBXGroup;
			children = (
				6A31FE3E2859E82B00AA8625 /* UIColor + CustomColor.swift */,
				6ADA1BC328574839009E41AD /* UIControl + ButtonPublisher.swift */,
				6A31FE2C2859605600AA8625 /* UIControl + ControlPublisher.swift */,
				6A541FB42858530E000008D4 /* Int32 + Formatter.swift */,
			);
			path = Extension;
			sourceTree = "<group>";
		};
		6ADA1B8A2857153E009E41AD /* Constant */ = {
			isa = PBXGroup;
			children = (
				6ADA1B8F2857185C009E41AD /* CoordinatorType.swift */,
				6ADA1B9928572667009E41AD /* TabBarPage.swift */,
			);
			path = Constant;
			sourceTree = "<group>";
		};
		6ADA1B9B28572988009E41AD /* HomeScene */ = {
			isa = PBXGroup;
			children = (
				6ADA1B9C28572997009E41AD /* Coordinator */,
				6ADA1B9F285729E2009E41AD /* View */,
				6ADA1B9E285729DB009E41AD /* ViewController */,
				6ADA1B9D285729D6009E41AD /* ViewModel */,
			);
			path = HomeScene;
			sourceTree = "<group>";
		};
		6ADA1B9C28572997009E41AD /* Coordinator */ = {
			isa = PBXGroup;
			children = (
				6ADA1BA328572A1B009E41AD /* DefaultHomeCoordinator.swift */,
				6A31FE202858C97500AA8625 /* DefaultCodingTestSettingCoordinator.swift */,
				6A31FE42285A166800AA8625 /* DefaultCodingTestingCoordinator.swift */,
				6ADA1BA0285729F0009E41AD /* Protocol */,
			);
			path = Coordinator;
			sourceTree = "<group>";
		};
		6ADA1B9D285729D6009E41AD /* ViewModel */ = {
			isa = PBXGroup;
			children = (
				6ADA1BA728572AD7009E41AD /* HomeViewModel.swift */,
				6A31FE242858CA9600AA8625 /* TitleSettingViewModel.swift */,
				6A31FE382859C15500AA8625 /* ProblemsSettingViewModel.swift */,
				6A31FE3C2859DD2500AA8625 /* TimeSettingViewModel.swift */,
				6A31FE4E285A1E5A00AA8625 /* CodingTestPreparationViewModel.swift */,
				6A31FE46285A193800AA8625 /* CodingTestingViewModel.swift */,
			);
			path = ViewModel;
			sourceTree = "<group>";
		};
		6ADA1B9E285729DB009E41AD /* ViewController */ = {
			isa = PBXGroup;
			children = (
				6ADA1BA528572A9D009E41AD /* HomeViewController.swift */,
				6A31FE222858CA3F00AA8625 /* TitleSettingViewController.swift */,
				6A31FE362859C14700AA8625 /* ProblemsSettingViewController.swift */,
				6A31FE3A2859DD0300AA8625 /* TimeSettingViewController.swift */,
				6A31FE4C285A1E3300AA8625 /* CodingTestPreparationViewController.swift */,
				6A31FE44285A193000AA8625 /* CodingTestingViewController.swift */,
			);
			path = ViewController;
			sourceTree = "<group>";
		};
		6ADA1B9F285729E2009E41AD /* View */ = {
			isa = PBXGroup;
			children = (
				6A46822C28587B6B009D843D /* CodingTestCellView.swift */,
				6A31FE3028597F4B00AA8625 /* CursorDisabledTextField.swift */,
			);
			path = View;
			sourceTree = "<group>";
		};
		6ADA1BA0285729F0009E41AD /* Protocol */ = {
			isa = PBXGroup;
			children = (
				6ADA1BA128572A01009E41AD /* HomeCoordinator.swift */,
				6A31FE1E2858C94500AA8625 /* CodingTestSettingCoordinator.swift */,
				6A31FE2A2858D40F00AA8625 /* SettingCoordinatorDidFinishDelegate.swift */,
				6A31FE40285A163000AA8625 /* CodingTestingCoordinator.swift */,
			);
			path = Protocol;
			sourceTree = "<group>";
		};
		6ADA1BA928572B32009E41AD /* Home */ = {
			isa = PBXGroup;
			children = (
				6ADA1BAD28572B5E009E41AD /* DefaultHomeUseCase.swift */,
				6A31FE282858CB2A00AA8625 /* DefaultCodingTestSettingUseCase.swift */,
				6A31FE342859B6DF00AA8625 /* DefaultTitleSettingUseCase.swift */,
				6A31FE4A285A195E00AA8625 /* DefaultCodingTestingUseCase.swift */,
				6ADA1BAA28572B3C009E41AD /* Protocol */,
			);
			path = Home;
			sourceTree = "<group>";
		};
		6ADA1BAA28572B3C009E41AD /* Protocol */ = {
			isa = PBXGroup;
			children = (
				6ADA1BAB28572B45009E41AD /* HomeUseCase.swift */,
				6A31FE262858CB1800AA8625 /* CodingTestSettingUseCase.swift */,
				6A31FE322859B53100AA8625 /* TitleSettingUseCase.swift */,
				6A31FE48285A195300AA8625 /* CodingTestingUseCase.swift */,
			);
			path = Protocol;
			sourceTree = "<group>";
		};
		6ADA1BAF285731CA009E41AD /* RecordsScene */ = {
			isa = PBXGroup;
			children = (
				6ADA1BB3285731EC009E41AD /* Coordinator */,
				6ADA1BB2285731E8009E41AD /* View */,
				6ADA1BB1285731E2009E41AD /* ViewController */,
				6ADA1BB0285731DB009E41AD /* ViewModel */,
			);
			path = RecordsScene;
			sourceTree = "<group>";
		};
		6ADA1BB0285731DB009E41AD /* ViewModel */ = {
			isa = PBXGroup;
			children = (
				6ADA1BB528573214009E41AD /* RecordsViewModel.swift */,
			);
			path = ViewModel;
			sourceTree = "<group>";
		};
		6ADA1BB1285731E2009E41AD /* ViewController */ = {
			isa = PBXGroup;
			children = (
				6ADA1BC128573357009E41AD /* RecordsViewController.swift */,
			);
			path = ViewController;
			sourceTree = "<group>";
		};
		6ADA1BB2285731E8009E41AD /* View */ = {
			isa = PBXGroup;
			children = (
			);
			path = View;
			sourceTree = "<group>";
		};
		6ADA1BB3285731EC009E41AD /* Coordinator */ = {
			isa = PBXGroup;
			children = (
				6ADA1BB928573261009E41AD /* DefaultRecordsCoordinator.swift */,
				6ADA1BB4285731F4009E41AD /* Protocol */,
			);
			path = Coordinator;
			sourceTree = "<group>";
		};
		6ADA1BB4285731F4009E41AD /* Protocol */ = {
			isa = PBXGroup;
			children = (
				6ADA1BB728573244009E41AD /* RecordsCoordinator.swift */,
			);
			path = Protocol;
			sourceTree = "<group>";
		};
		6ADA1BBB285732C0009E41AD /* History */ = {
			isa = PBXGroup;
			children = (
				6ADA1BBF285732E2009E41AD /* DefaultRecordsUseCase.swift */,
				6ADA1BBC285732C9009E41AD /* Protocol */,
			);
			path = History;
			sourceTree = "<group>";
		};
		6ADA1BBC285732C9009E41AD /* Protocol */ = {
			isa = PBXGroup;
			children = (
				6ADA1BBD285732D2009E41AD /* RecordsUseCase.swift */,
			);
			path = Protocol;
			sourceTree = "<group>";
		};
		6ADA1BC82857757F009E41AD /* Service */ = {
			isa = PBXGroup;
			children = (
				6A541FA9285775E0000008D4 /* DefaultCoreDataService.swift */,
				6A541FB128579104000008D4 /* Protocol */,
			);
			path = Service;
			sourceTree = "<group>";
		};
		6ADD0B242857103100884C5D = {
			isa = PBXGroup;
			children = (
				6ADD0B2F2857103200884C5D /* CodingTestRecord */,
				6ADD0B2E2857103200884C5D /* Products */,
			);
			sourceTree = "<group>";
		};
		6ADD0B2E2857103200884C5D /* Products */ = {
			isa = PBXGroup;
			children = (
				6ADD0B2D2857103200884C5D /* CodingTestRecord.app */,
			);
			name = Products;
			sourceTree = "<group>";
		};
		6ADD0B2F2857103200884C5D /* CodingTestRecord */ = {
			isa = PBXGroup;
			children = (
				6ADA1B8828571530009E41AD /* Util */,
				6ADA1B852857150A009E41AD /* Domain */,
				6ADA1B802857147E009E41AD /* Presentation */,
				6ADA1B7E28571440009E41AD /* Data */,
				6ADA1B7D28571405009E41AD /* App */,
				6ADD0B392857103400884C5D /* Assets.xcassets */,
				6ADD0B3E2857103400884C5D /* Info.plist */,
			);
			path = CodingTestRecord;
			sourceTree = "<group>";
		};
/* End PBXGroup section */

/* Begin PBXNativeTarget section */
		6ADD0B2C2857103200884C5D /* CodingTestRecord */ = {
			isa = PBXNativeTarget;
			buildConfigurationList = 6ADD0B412857103400884C5D /* Build configuration list for PBXNativeTarget "CodingTestRecord" */;
			buildPhases = (
				6ADD0B292857103200884C5D /* Sources */,
				6ADD0B2A2857103200884C5D /* Frameworks */,
				6ADD0B2B2857103200884C5D /* Resources */,
			);
			buildRules = (
			);
			dependencies = (
			);
			name = CodingTestRecord;
			productName = CodingTestRecord;
			productReference = 6ADD0B2D2857103200884C5D /* CodingTestRecord.app */;
			productType = "com.apple.product-type.application";
		};
/* End PBXNativeTarget section */

/* Begin PBXProject section */
		6ADD0B252857103100884C5D /* Project object */ = {
			isa = PBXProject;
			attributes = {
				BuildIndependentTargetsInParallel = 1;
				LastSwiftUpdateCheck = 1400;
				LastUpgradeCheck = 1400;
				TargetAttributes = {
					6ADD0B2C2857103200884C5D = {
						CreatedOnToolsVersion = 14.0;
					};
				};
			};
			buildConfigurationList = 6ADD0B282857103200884C5D /* Build configuration list for PBXProject "CodingTestRecord" */;
			compatibilityVersion = "Xcode 14.0";
			developmentRegion = en;
			hasScannedForEncodings = 0;
			knownRegions = (
				en,
				Base,
			);
			mainGroup = 6ADD0B242857103100884C5D;
			productRefGroup = 6ADD0B2E2857103200884C5D /* Products */;
			projectDirPath = "";
			projectRoot = "";
			targets = (
				6ADD0B2C2857103200884C5D /* CodingTestRecord */,
			);
		};
/* End PBXProject section */

/* Begin PBXResourcesBuildPhase section */
		6ADD0B2B2857103200884C5D /* Resources */ = {
			isa = PBXResourcesBuildPhase;
			buildActionMask = 2147483647;
			files = (
				6ADD0B3D2857103400884C5D /* LaunchScreen.storyboard in Resources */,
				6ADD0B3A2857103400884C5D /* Assets.xcassets in Resources */,
			);
			runOnlyForDeploymentPostprocessing = 0;
		};
/* End PBXResourcesBuildPhase section */

/* Begin PBXSourcesBuildPhase section */
		6ADD0B292857103200884C5D /* Sources */ = {
			isa = PBXSourcesBuildPhase;
			buildActionMask = 2147483647;
			files = (
				6A541FB328579112000008D4 /* CoreDataService.swift in Sources */,
				6A541FB0285790A7000008D4 /* DefaultCodingTestSettingRepository.swift in Sources */,
				6A31FE1F2858C94500AA8625 /* CodingTestSettingCoordinator.swift in Sources */,
				6ADA1BBA28573261009E41AD /* DefaultRecordsCoordinator.swift in Sources */,
				6ADA1BC228573357009E41AD /* RecordsViewController.swift in Sources */,
				6A31FE47285A193800AA8625 /* CodingTestingViewModel.swift in Sources */,
				6ADA1B922857198E009E41AD /* AppCoordinator.swift in Sources */,
				6A31FE252858CA9600AA8625 /* TitleSettingViewModel.swift in Sources */,
				6ADD0B312857103200884C5D /* AppDelegate.swift in Sources */,
				6A31FE292858CB2A00AA8625 /* DefaultCodingTestSettingUseCase.swift in Sources */,
				6ADA1B9628571AF6009E41AD /* TabBarCoordinator.swift in Sources */,
				6A31FE45285A193000AA8625 /* CodingTestingViewController.swift in Sources */,
				6ADD0B332857103200884C5D /* SceneDelegate.swift in Sources */,
				6A468235285893BC009D843D /* Problem+CoreDataProperties.swift in Sources */,
				6A31FE2B2858D40F00AA8625 /* SettingCoordinatorDidFinishDelegate.swift in Sources */,
				6ADA1B8E285717D5009E41AD /* CoordinatorDidFinishDelegate.swift in Sources */,
				6A468234285893BC009D843D /* Problem+CoreDataClass.swift in Sources */,
				6A31FE232858CA3F00AA8625 /* TitleSettingViewController.swift in Sources */,
				6ADA1BB828573244009E41AD /* RecordsCoordinator.swift in Sources */,
				6A31FE332859B53100AA8625 /* TitleSettingUseCase.swift in Sources */,
				6A31FE4B285A195E00AA8625 /* DefaultCodingTestingUseCase.swift in Sources */,
				6ADA1B8C285717A5009E41AD /* Coordinator.swift in Sources */,
				6ADA1B9828571B5C009E41AD /* DefaultTabBarCoordinator.swift in Sources */,
				6ADA1B9428571A35009E41AD /* DefaultAppCoordinator.swift in Sources */,
				6A31FE392859C15500AA8625 /* ProblemsSettingViewModel.swift in Sources */,
				6A31FE3B2859DD0300AA8625 /* TimeSettingViewController.swift in Sources */,
				6ADA1BC728576BDB009E41AD /* Model.xcdatamodeld in Sources */,
				6ADA1B9A28572667009E41AD /* TabBarPage.swift in Sources */,
				6A31FE49285A195300AA8625 /* CodingTestingUseCase.swift in Sources */,
				6ADA1BAC28572B45009E41AD /* HomeUseCase.swift in Sources */,
				6A31FE3D2859DD2500AA8625 /* TimeSettingViewModel.swift in Sources */,
				6A541FB52858530E000008D4 /* Int32 + Formatter.swift in Sources */,
				6ADA1BAE28572B5E009E41AD /* DefaultHomeUseCase.swift in Sources */,
				6A468233285893BC009D843D /* CodingTestSetting+CoreDataProperties.swift in Sources */,
				6ADA1BB628573214009E41AD /* RecordsViewModel.swift in Sources */,
				6A31FE4D285A1E3300AA8625 /* CodingTestPreparationViewController.swift in Sources */,
				6A541FAE28579084000008D4 /* CodingTestSettingRepository.swift in Sources */,
				6A31FE3F2859E82B00AA8625 /* UIColor + CustomColor.swift in Sources */,
				6ADA1BA828572AD7009E41AD /* HomeViewModel.swift in Sources */,
				6ADA1BA428572A1B009E41AD /* DefaultHomeCoordinator.swift in Sources */,
				6ADA1B902857185C009E41AD /* CoordinatorType.swift in Sources */,
				6ADA1BA628572A9D009E41AD /* HomeViewController.swift in Sources */,
				6A31FE272858CB1800AA8625 /* CodingTestSettingUseCase.swift in Sources */,
				6A31FE3128597F4B00AA8625 /* CursorDisabledTextField.swift in Sources */,
				6A31FE2D2859605600AA8625 /* UIControl + ControlPublisher.swift in Sources */,
				6ADA1BC0285732E2009E41AD /* DefaultRecordsUseCase.swift in Sources */,
				6A31FE4F285A1E5A00AA8625 /* CodingTestPreparationViewModel.swift in Sources */,
				6ADA1BC428574839009E41AD /* UIControl + ButtonPublisher.swift in Sources */,
				6ADA1BBE285732D2009E41AD /* RecordsUseCase.swift in Sources */,
				6A541FAA285775E0000008D4 /* DefaultCoreDataService.swift in Sources */,
				6A46822D28587B6B009D843D /* CodingTestCellView.swift in Sources */,
				6A31FE372859C14700AA8625 /* ProblemsSettingViewController.swift in Sources */,
				6A468232285893BC009D843D /* CodingTestSetting+CoreDataClass.swift in Sources */,
				6A31FE43285A166800AA8625 /* DefaultCodingTestingCoordinator.swift in Sources */,
				6A31FE41285A163100AA8625 /* CodingTestingCoordinator.swift in Sources */,
				6ADA1BA228572A01009E41AD /* HomeCoordinator.swift in Sources */,
				6A31FE212858C97500AA8625 /* DefaultCodingTestSettingCoordinator.swift in Sources */,
				6A31FE352859B6DF00AA8625 /* DefaultTitleSettingUseCase.swift in Sources */,
			);
			runOnlyForDeploymentPostprocessing = 0;
		};
/* End PBXSourcesBuildPhase section */

/* Begin PBXVariantGroup section */
		6ADD0B3B2857103400884C5D /* LaunchScreen.storyboard */ = {
			isa = PBXVariantGroup;
			children = (
				6ADD0B3C2857103400884C5D /* Base */,
			);
			name = LaunchScreen.storyboard;
			sourceTree = "<group>";
		};
/* End PBXVariantGroup section */

/* Begin XCBuildConfiguration section */
		6ADD0B3F2857103400884C5D /* Debug */ = {
			isa = XCBuildConfiguration;
			buildSettings = {
				ALWAYS_SEARCH_USER_PATHS = NO;
				CLANG_ANALYZER_NONNULL = YES;
				CLANG_ANALYZER_NUMBER_OBJECT_CONVERSION = YES_AGGRESSIVE;
				CLANG_CXX_LANGUAGE_STANDARD = "gnu++17";
				CLANG_ENABLE_MODULES = YES;
				CLANG_ENABLE_OBJC_ARC = YES;
				CLANG_ENABLE_OBJC_WEAK = YES;
				CLANG_WARN_BLOCK_CAPTURE_AUTORELEASING = YES;
				CLANG_WARN_BOOL_CONVERSION = YES;
				CLANG_WARN_COMMA = YES;
				CLANG_WARN_CONSTANT_CONVERSION = YES;
				CLANG_WARN_DEPRECATED_OBJC_IMPLEMENTATIONS = YES;
				CLANG_WARN_DIRECT_OBJC_ISA_USAGE = YES_ERROR;
				CLANG_WARN_DOCUMENTATION_COMMENTS = YES;
				CLANG_WARN_EMPTY_BODY = YES;
				CLANG_WARN_ENUM_CONVERSION = YES;
				CLANG_WARN_INFINITE_RECURSION = YES;
				CLANG_WARN_INT_CONVERSION = YES;
				CLANG_WARN_NON_LITERAL_NULL_CONVERSION = YES;
				CLANG_WARN_OBJC_IMPLICIT_RETAIN_SELF = YES;
				CLANG_WARN_OBJC_LITERAL_CONVERSION = YES;
				CLANG_WARN_OBJC_ROOT_CLASS = YES_ERROR;
				CLANG_WARN_QUOTED_INCLUDE_IN_FRAMEWORK_HEADER = YES;
				CLANG_WARN_RANGE_LOOP_ANALYSIS = YES;
				CLANG_WARN_STRICT_PROTOTYPES = YES;
				CLANG_WARN_SUSPICIOUS_MOVE = YES;
				CLANG_WARN_UNGUARDED_AVAILABILITY = YES_AGGRESSIVE;
				CLANG_WARN_UNREACHABLE_CODE = YES;
				CLANG_WARN__DUPLICATE_METHOD_MATCH = YES;
				COPY_PHASE_STRIP = NO;
				DEBUG_INFORMATION_FORMAT = dwarf;
				ENABLE_STRICT_OBJC_MSGSEND = YES;
				ENABLE_TESTABILITY = YES;
				GCC_C_LANGUAGE_STANDARD = gnu11;
				GCC_DYNAMIC_NO_PIC = NO;
				GCC_NO_COMMON_BLOCKS = YES;
				GCC_OPTIMIZATION_LEVEL = 0;
				GCC_PREPROCESSOR_DEFINITIONS = (
					"DEBUG=1",
					"$(inherited)",
				);
				GCC_WARN_64_TO_32_BIT_CONVERSION = YES;
				GCC_WARN_ABOUT_RETURN_TYPE = YES_ERROR;
				GCC_WARN_UNDECLARED_SELECTOR = YES;
				GCC_WARN_UNINITIALIZED_AUTOS = YES_AGGRESSIVE;
				GCC_WARN_UNUSED_FUNCTION = YES;
				GCC_WARN_UNUSED_VARIABLE = YES;
				IPHONEOS_DEPLOYMENT_TARGET = 16.0;
				MTL_ENABLE_DEBUG_INFO = INCLUDE_SOURCE;
				MTL_FAST_MATH = YES;
				ONLY_ACTIVE_ARCH = YES;
				SDKROOT = iphoneos;
				SWIFT_ACTIVE_COMPILATION_CONDITIONS = DEBUG;
				SWIFT_OPTIMIZATION_LEVEL = "-Onone";
			};
			name = Debug;
		};
		6ADD0B402857103400884C5D /* Release */ = {
			isa = XCBuildConfiguration;
			buildSettings = {
				ALWAYS_SEARCH_USER_PATHS = NO;
				CLANG_ANALYZER_NONNULL = YES;
				CLANG_ANALYZER_NUMBER_OBJECT_CONVERSION = YES_AGGRESSIVE;
				CLANG_CXX_LANGUAGE_STANDARD = "gnu++17";
				CLANG_ENABLE_MODULES = YES;
				CLANG_ENABLE_OBJC_ARC = YES;
				CLANG_ENABLE_OBJC_WEAK = YES;
				CLANG_WARN_BLOCK_CAPTURE_AUTORELEASING = YES;
				CLANG_WARN_BOOL_CONVERSION = YES;
				CLANG_WARN_COMMA = YES;
				CLANG_WARN_CONSTANT_CONVERSION = YES;
				CLANG_WARN_DEPRECATED_OBJC_IMPLEMENTATIONS = YES;
				CLANG_WARN_DIRECT_OBJC_ISA_USAGE = YES_ERROR;
				CLANG_WARN_DOCUMENTATION_COMMENTS = YES;
				CLANG_WARN_EMPTY_BODY = YES;
				CLANG_WARN_ENUM_CONVERSION = YES;
				CLANG_WARN_INFINITE_RECURSION = YES;
				CLANG_WARN_INT_CONVERSION = YES;
				CLANG_WARN_NON_LITERAL_NULL_CONVERSION = YES;
				CLANG_WARN_OBJC_IMPLICIT_RETAIN_SELF = YES;
				CLANG_WARN_OBJC_LITERAL_CONVERSION = YES;
				CLANG_WARN_OBJC_ROOT_CLASS = YES_ERROR;
				CLANG_WARN_QUOTED_INCLUDE_IN_FRAMEWORK_HEADER = YES;
				CLANG_WARN_RANGE_LOOP_ANALYSIS = YES;
				CLANG_WARN_STRICT_PROTOTYPES = YES;
				CLANG_WARN_SUSPICIOUS_MOVE = YES;
				CLANG_WARN_UNGUARDED_AVAILABILITY = YES_AGGRESSIVE;
				CLANG_WARN_UNREACHABLE_CODE = YES;
				CLANG_WARN__DUPLICATE_METHOD_MATCH = YES;
				COPY_PHASE_STRIP = NO;
				DEBUG_INFORMATION_FORMAT = "dwarf-with-dsym";
				ENABLE_NS_ASSERTIONS = NO;
				ENABLE_STRICT_OBJC_MSGSEND = YES;
				GCC_C_LANGUAGE_STANDARD = gnu11;
				GCC_NO_COMMON_BLOCKS = YES;
				GCC_WARN_64_TO_32_BIT_CONVERSION = YES;
				GCC_WARN_ABOUT_RETURN_TYPE = YES_ERROR;
				GCC_WARN_UNDECLARED_SELECTOR = YES;
				GCC_WARN_UNINITIALIZED_AUTOS = YES_AGGRESSIVE;
				GCC_WARN_UNUSED_FUNCTION = YES;
				GCC_WARN_UNUSED_VARIABLE = YES;
				IPHONEOS_DEPLOYMENT_TARGET = 16.0;
				MTL_ENABLE_DEBUG_INFO = NO;
				MTL_FAST_MATH = YES;
				SDKROOT = iphoneos;
				SWIFT_COMPILATION_MODE = wholemodule;
				SWIFT_OPTIMIZATION_LEVEL = "-O";
				VALIDATE_PRODUCT = YES;
			};
			name = Release;
		};
		6ADD0B422857103400884C5D /* Debug */ = {
			isa = XCBuildConfiguration;
			buildSettings = {
				ASSETCATALOG_COMPILER_APPICON_NAME = AppIcon;
				ASSETCATALOG_COMPILER_GLOBAL_ACCENT_COLOR_NAME = AccentColor;
				CODE_SIGN_STYLE = Automatic;
				CURRENT_PROJECT_VERSION = 1;
				DEVELOPMENT_TEAM = CU5DL5JJWC;
				GENERATE_INFOPLIST_FILE = YES;
				INFOPLIST_FILE = CodingTestRecord/Info.plist;
				INFOPLIST_KEY_UIApplicationSupportsIndirectInputEvents = YES;
				INFOPLIST_KEY_UILaunchStoryboardName = LaunchScreen;
				INFOPLIST_KEY_UISupportedInterfaceOrientations_iPad = "UIInterfaceOrientationPortrait UIInterfaceOrientationPortraitUpsideDown UIInterfaceOrientationLandscapeLeft UIInterfaceOrientationLandscapeRight";
				INFOPLIST_KEY_UISupportedInterfaceOrientations_iPhone = "UIInterfaceOrientationPortrait UIInterfaceOrientationLandscapeLeft UIInterfaceOrientationLandscapeRight";
				LD_RUNPATH_SEARCH_PATHS = (
					"$(inherited)",
					"@executable_path/Frameworks",
				);
				MARKETING_VERSION = 1.0;
				PRODUCT_BUNDLE_IDENTIFIER = com.ghdps.CodingTestRecord;
				PRODUCT_NAME = "$(TARGET_NAME)";
				SUPPORTED_PLATFORMS = "iphoneos iphonesimulator";
				SUPPORTS_MACCATALYST = NO;
				SUPPORTS_MAC_DESIGNED_FOR_IPHONE_IPAD = NO;
				SWIFT_EMIT_LOC_STRINGS = YES;
				SWIFT_VERSION = 5.0;
				TARGETED_DEVICE_FAMILY = 1;
			};
			name = Debug;
		};
		6ADD0B432857103400884C5D /* Release */ = {
			isa = XCBuildConfiguration;
			buildSettings = {
				ASSETCATALOG_COMPILER_APPICON_NAME = AppIcon;
				ASSETCATALOG_COMPILER_GLOBAL_ACCENT_COLOR_NAME = AccentColor;
				CODE_SIGN_STYLE = Automatic;
				CURRENT_PROJECT_VERSION = 1;
				DEVELOPMENT_TEAM = CU5DL5JJWC;
				GENERATE_INFOPLIST_FILE = YES;
				INFOPLIST_FILE = CodingTestRecord/Info.plist;
				INFOPLIST_KEY_UIApplicationSupportsIndirectInputEvents = YES;
				INFOPLIST_KEY_UILaunchStoryboardName = LaunchScreen;
				INFOPLIST_KEY_UISupportedInterfaceOrientations_iPad = "UIInterfaceOrientationPortrait UIInterfaceOrientationPortraitUpsideDown UIInterfaceOrientationLandscapeLeft UIInterfaceOrientationLandscapeRight";
				INFOPLIST_KEY_UISupportedInterfaceOrientations_iPhone = "UIInterfaceOrientationPortrait UIInterfaceOrientationLandscapeLeft UIInterfaceOrientationLandscapeRight";
				LD_RUNPATH_SEARCH_PATHS = (
					"$(inherited)",
					"@executable_path/Frameworks",
				);
				MARKETING_VERSION = 1.0;
				PRODUCT_BUNDLE_IDENTIFIER = com.ghdps.CodingTestRecord;
				PRODUCT_NAME = "$(TARGET_NAME)";
				SUPPORTED_PLATFORMS = "iphoneos iphonesimulator";
				SUPPORTS_MACCATALYST = NO;
				SUPPORTS_MAC_DESIGNED_FOR_IPHONE_IPAD = NO;
				SWIFT_EMIT_LOC_STRINGS = YES;
				SWIFT_VERSION = 5.0;
				TARGETED_DEVICE_FAMILY = 1;
			};
			name = Release;
		};
/* End XCBuildConfiguration section */

/* Begin XCConfigurationList section */
		6ADD0B282857103200884C5D /* Build configuration list for PBXProject "CodingTestRecord" */ = {
			isa = XCConfigurationList;
			buildConfigurations = (
				6ADD0B3F2857103400884C5D /* Debug */,
				6ADD0B402857103400884C5D /* Release */,
			);
			defaultConfigurationIsVisible = 0;
			defaultConfigurationName = Release;
		};
		6ADD0B412857103400884C5D /* Build configuration list for PBXNativeTarget "CodingTestRecord" */ = {
			isa = XCConfigurationList;
			buildConfigurations = (
				6ADD0B422857103400884C5D /* Debug */,
				6ADD0B432857103400884C5D /* Release */,
			);
			defaultConfigurationIsVisible = 0;
			defaultConfigurationName = Release;
		};
/* End XCConfigurationList section */

/* Begin XCVersionGroup section */
		6ADA1BC528576BDA009E41AD /* Model.xcdatamodeld */ = {
			isa = XCVersionGroup;
			children = (
				6ADA1BC628576BDB009E41AD /* Model.xcdatamodel */,
			);
			currentVersion = 6ADA1BC628576BDB009E41AD /* Model.xcdatamodel */;
			path = Model.xcdatamodeld;
			sourceTree = "<group>";
			versionGroupType = wrapper.xcdatamodel;
		};
/* End XCVersionGroup section */
	};
	rootObject = 6ADD0B252857103100884C5D /* Project object */;
}
